# @generated - this file is auto-generated by `mise lock` https://mise.jdx.dev/dev-tools/mise-lock.html

lockfile_version = 1

[[tools."pipx:basedpyright"]]
version = "1.40.0"
backend = "pipx:basedpyright"
specifiers = ["latest"]

[[tools.python]]
version = "3.12.14"
backend = "core:python"
specifiers = ["3.12"]

[tools.python."platforms.linux-arm64"]
checksum = "sha256:577b4bec0793ad1ff0cbff9adbd0df078eddde38a4c41bf5d83ad381a85ee39d"
url = "https://github.com/astral-sh/python-build-standalone/releases/download/20260901/cpython-3.12.14+20260901-aarch64-unknown-linux-gnu-install_only_stripped.tar.gz"
provenance = "github-attestations"

[tools.python."platforms.linux-arm64-musl"]
checksum = "sha256:a0ad6f01b9204eba573a08927097b78143c564f98bea68a41ea1e172f041da3a"
url = "https://github.com/astral-sh/python-build-standalone/releases/download/20260901/cpython-3.12.14+20260901-aarch64-unknown-linux-musl-install_only_stripped.tar.gz"
provenance = "github-attestations"

[tools.python."platforms.linux-x64"]
checksum = "sha256:72748da13197c1fb161e3afeef20a6a385ff24f2165e6e2758e47008e7faba4c"
url = "https://github.com/astral-sh/python-build-standalone/releases/download/20260901/cpython-3.12.14+20260901-x86_64-unknown-linux-gnu-install_only_stripped.tar.gz"
provenance = "github-attestations"

[tools.python."platforms.linux-x64-musl"]
checksum = "sha256:1f37044c8cdbd74d5ee112a753c65ef209fedd169c98f3e4e748a93e27eb27a4"
url = "https://github.com/astral-sh/python-build-standalone/releases/download/20260901/cpython-3.12.14+20260901-x86_64-unknown-linux-musl-install_only_stripped.tar.gz"
provenance = "github-attestations"

[tools.python."platforms.macos-arm64"]
checksum = "sha256:81a359f1cfadd4da11766534c5913791cea55f26e1bb902cacd2a531bb1e4b2b"
url = "https://github.com/astral-sh/python-build-standalone/releases/download/20260901/cpython-3.12.14+20260901-aarch64-apple-darwin-install_only_stripped.tar.gz"
provenance = "github-attestations"

[tools.python."platforms.macos-x64"]
checksum = "sha256:65b195c9cedc1fef6767f044f9822069adbd1bd9204d424ece4628776fdc04bb"
url = "https://github.com/astral-sh/python-build-standalone/releases/download/20260901/cpython-3.12.14+20260901-x86_64-apple-darwin-install_only_stripped.tar.gz"
provenance = "github-attestations"

[tools.python."platforms.windows-x64"]
checksum = "sha256:7c45c9622400d578709a9b2cddbe8124cc21d382409d9f13406d706d28e31b14"
url = "https://github.com/astral-sh/python-build-standalone/releases/download/20260901/cpython-3.12.14+20260901-x86_64-pc-windows-msvc-install_only_stripped.tar.gz"
provenance = "github-attestations"

[[tools.ruff]]
version = "0.16.6"
backend = "aqua:astral-sh/ruff"
specifiers = ["latest"]

[tools.ruff."platforms.linux-arm64"]
checksum = "sha256:3c1b99f65b8bf2df64ff099ee072e11b4652813e2c164ec875a26fc9e99be88f"
url = "https://github.com/astral-sh/ruff/releases/download/0.16.6/ruff-aarch64-unknown-linux-gnu.tar.gz"
url_api = "https://api.github.com/repos/astral-sh/ruff/releases/assets/543094369"
provenance = "github-attestations"

[tools.ruff."platforms.linux-arm64-musl"]
checksum = "sha256:9b28fc0646a7379c5a25f68b559669c39bc000325bbad5b64b47fcf6a3b582ae"
url = "https://github.com/astral-sh/ruff/releases/download/0.16.6/ruff-aarch64-unknown-linux-musl.tar.gz"
url_api = "https://api.github.com/repos/astral-sh/ruff/releases/assets/543094376"
provenance = "github-attestations"

[tools.ruff."platforms.linux-x64"]
checksum = "sha256:0696335ef16615d8c7445ad438750eb0f55b3da6f153df21265a7c6d5750254f"
url = "https://github.com/astral-sh/ruff/releases/download/0.16.6/ruff-x86_64-unknown-linux-gnu.tar.gz"
url_api = "https://api.github.com/repos/astral-sh/ruff/releases/assets/543094461"
provenance = "github-attestations"

[tools.ruff."platforms.linux-x64-musl"]
checksum = "sha256:63740c5a1576dea4e1f2ff3f7427031188d23a11b7a4f78560749b8732a3b724"
url = "https://github.com/astral-sh/ruff/releases/download/0.16.6/ruff-x86_64-unknown-linux-musl.tar.gz"
url_api = "https://api.github.com/repos/astral-sh/ruff/releases/assets/543094475"
provenance = "github-attestations"

[tools.ruff."platforms.macos-arm64"]
checksum = "sha256:77513748c833b435b82453ba20e07db808ef6c5121945ede80a6cf21bee468a4"
url = "https://github.com/astral-sh/ruff/releases/download/0.16.6/ruff-aarch64-apple-darwin.tar.gz"
url_api = "https://api.github.com/repos/astral-sh/ruff/releases/assets/543094359"
provenance = "github-attestations"

[tools.ruff."platforms.macos-x64"]
checksum = "sha256:87cce7e591603efa979be9044ac00835638a5d9052947070b6e2e7c0cdb21940"
url = "https://github.com/astral-sh/ruff/releases/download/0.16.6/ruff-x86_64-apple-darwin.tar.gz"
url_api = "https://api.github.com/repos/astral-sh/ruff/releases/assets/543094450"
provenance = "github-attestations"

[tools.ruff."platforms.windows-x64"]
checksum = "sha256:d968cbf82bcb42042a59e9478a48f9a00db88cceaa2eeaa86c4834c02a70eaf6"
url = "https://github.com/astral-sh/ruff/releases/download/0.16.6/ruff-x86_64-pc-windows-msvc.zip"
url_api = "https://api.github.com/repos/astral-sh/ruff/releases/assets/543094453"
provenance = "github-attestations"

[[tools.rust]]
version = "1.98.1"
backend = "core:rust"
specifiers = ["1.98.1"]

[tools.rust.options]
components = "clippy,rust-analyzer,rust-src,rustfmt"
